
Microsoft Visual Studio Solution File, Format Version 12.00
# Visual Studio Version 17
VisualStudioVersion = 17.0.31912.275
MinimumVisualStudioVersion = 10.0.40219.1
Project("{FAE04EC0-301F-11D3-BF4B-00C04F79EFBC}") = "LocalDatabaseTutorial.Android", "LocalDatabaseTutorial\LocalDatabaseTutorial.Android\LocalDatabaseTutorial.Android.csproj", "{B420461F-25EA-4BC7-A476-DD670E72FC6C}"
EndProject
Project("{FAE04EC0-301F-11D3-BF4B-00C04F79EFBC}") = "LocalDatabaseTutorial.iOS", "LocalDatabaseTutorial\LocalDatabaseTutorial.iOS\LocalDatabaseTutorial.iOS.csproj", "{46912168-33DB-4CC9-9352-A69DCC08564D}"
EndProject
Project("{FAE04EC0-301F-11D3-BF4B-00C04F79EFBC}") = "LocalDatabaseTutorial", "LocalDatabaseTutorial\LocalDatabaseTutorial\LocalDatabaseTutorial.csproj", "{52E7B756-CD51-4661-9411-B68A897A6623}"
EndProject
Global
	GlobalSection(SolutionConfigurationPlatforms) = preSolution
		Debug|Any CPU = Debug|Any CPU
		Debug|iPhone = Debug|iPhone
		Debug|iPhoneSimulator = Debug|iPhoneSimulator
		Release|Any CPU = Release|Any CPU
		Release|iPhone = Release|iPhone
		Release|iPhoneSimulator = Release|iPhoneSimulator
	EndGlobalSection
	GlobalSection(ProjectConfigurationPlatforms) = postSolution
		{B420461F-25EA-4BC7-A476-DD670E72FC6C}.Debug|Any CPU.ActiveCfg = Debug|Any CPU
		{B420461F-25EA-4BC7-A476-DD670E72FC6C}.Debug|Any CPU.Build.0 = Debug|Any CPU
		{B420461F-25EA-4BC7-A476-DD670E72FC6C}.Debug|Any CPU.Deploy.0 = Debug|Any CPU
		{B420461F-25EA-4BC7-A476-DD670E72FC6C}.Debug|iPhone.ActiveCfg = Debug|Any CPU
		{B420461F-25EA-4BC7-A476-DD670E72FC6C}.Debug|iPhone.Build.0 = Debug|Any CPU
		{B420461F-25EA-4BC7-A476-DD670E72FC6C}.Debug|iPhone.Deploy.0 = Debug|Any CPU
		{B420461F-25EA-4BC7-A476-DD670E72FC6C}.Debug|iPhoneSimulator.ActiveCfg = Debug|Any CPU
		{B420461F-25EA-4BC7-A476-DD670E72FC6C}.Debug|iPhoneSimulator.Build.0 = Debug|Any CPU
		{B420461F-25EA-4BC7-A476-DD670E72FC6C}.Debug|iPhoneSimulator.Deploy.0 = Debug|Any CPU
		{B420461F-25EA-4BC7-A476-DD670E72FC6C}.Release|Any CPU.ActiveCfg = Release|Any CPU
		{B420461F-25EA-4BC7-A476-DD670E72FC6C}.Release|Any CPU.Build.0 = Release|Any CPU
		{B420461F-25EA-4BC7-A476-DD670E72FC6C}.Release|Any CPU.Deploy.0 = Release|Any CPU
		{B420461F-25EA-4BC7-A476-DD670E72FC6C}.Release|iPhone.ActiveCfg = Release|Any CPU
		{B420461F-25EA-4BC7-A476-DD670E72FC6C}.Release|iPhone.Build.0 = Release|Any CPU
		{B420461F-25EA-4BC7-A476-DD670E72FC6C}.Release|iPhone.Deploy.0 = Release|Any CPU
		{B420461F-25EA-4BC7-A476-DD670E72FC6C}.Release|iPhoneSimulator.ActiveCfg = Release|Any CPU
		{B420461F-25EA-4BC7-A476-DD670E72FC6C}.Release|iPhoneSimulator.Build.0 = Release|Any CPU
		{B420461F-25EA-4BC7-A476-DD670E72FC6C}.Release|iPhoneSimulator.Deploy.0 = Release|Any CPU
		{46912168-33DB-4CC9-9352-A69DCC08564D}.Debug|Any CPU.ActiveCfg = Debug|iPhone
		{46912168-33DB-4CC9-9352-A69DCC08564D}.Debug|Any CPU.Build.0 = Debug|iPhone
		{46912168-33DB-4CC9-9352-A69DCC08564D}.Debug|Any CPU.Deploy.0 = Debug|iPhone
		{46912168-33DB-4CC9-9352-A69DCC08564D}.Debug|iPhone.ActiveCfg = Debug|iPhone
		{46912168-33DB-4CC9-9352-A69DCC08564D}.Debug|iPhone.Build.0 = Debug|iPhone
		{46912168-33DB-4CC9-9352-A69DCC08564D}.Debug|iPhone.Deploy.0 = Debug|iPhone
		{46912168-33DB-4CC9-9352-A69DCC08564D}.Debug|iPhoneSimulator.ActiveCfg = Debug|iPhoneSimulator
		{46912168-33DB-4CC9-9352-A69DCC08564D}.Debug|iPhoneSimulator.Build.0 = Debug|iPhoneSimulator
		{46912168-33DB-4CC9-9352-A69DCC08564D}.Debug|iPhoneSimulator.Deploy.0 = Debug|iPhoneSimulator
		{46912168-33DB-4CC9-9352-A69DCC08564D}.Release|Any CPU.ActiveCfg = Release|iPhoneSimulator
		{46912168-33DB-4CC9-9352-A69DCC08564D}.Release|Any CPU.Build.0 = Release|iPhoneSimulator
		{46912168-33DB-4CC9-9352-A69DCC08564D}.Release|Any CPU.Deploy.0 = Release|iPhoneSimulator
		{46912168-33DB-4CC9-9352-A69DCC08564D}.Release|iPhone.ActiveCfg = Release|iPhone
		{46912168-33DB-4CC9-9352-A69DCC08564D}.Release|iPhone.Build.0 = Release|iPhone
		{46912168-33DB-4CC9-9352-A69DCC08564D}.Release|iPhone.Deploy.0 = Release|iPhone
		{46912168-33DB-4CC9-9352-A69DCC08564D}.Release|iPhoneSimulator.ActiveCfg = Release|iPhoneSimulator
		{46912168-33DB-4CC9-9352-A69DCC08564D}.Release|iPhoneSimulator.Build.0 = Release|iPhoneSimulator
		{46912168-33DB-4CC9-9352-A69DCC08564D}.Release|iPhoneSimulator.Deploy.0 = Release|iPhoneSimulator
		{52E7B756-CD51-4661-9411-B68A897A6623}.Debug|Any CPU.ActiveCfg = Debug|Any CPU
		{52E7B756-CD51-4661-9411-B68A897A6623}.Debug|Any CPU.Build.0 = Debug|Any CPU
		{52E7B756-CD51-4661-9411-B68A897A6623}.Debug|Any CPU.Deploy.0 = Debug|Any CPU
		{52E7B756-CD51-4661-9411-B68A897A6623}.Debug|iPhone.ActiveCfg = Debug|Any CPU
		{52E7B756-CD51-4661-9411-B68A897A6623}.Debug|iPhone.Build.0 = Debug|Any CPU
		{52E7B756-CD51-4661-9411-B68A897A6623}.Debug|iPhone.Deploy.0 = Debug|Any CPU
		{52E7B756-CD51-4661-9411-B68A897A6623}.Debug|iPhoneSimulator.ActiveCfg = Debug|Any CPU
		{52E7B756-CD51-4661-9411-B68A897A6623}.Debug|iPhoneSimulator.Build.0 = Debug|Any CPU
		{52E7B756-CD51-4661-9411-B68A897A6623}.Debug|iPhoneSimulator.Deploy.0 = Debug|Any CPU
		{52E7B756-CD51-4661-9411-B68A897A6623}.Release|Any CPU.ActiveCfg = Release|Any CPU
		{52E7B756-CD51-4661-9411-B68A897A6623}.Release|Any CPU.Build.0 = Release|Any CPU
		{52E7B756-CD51-4661-9411-B68A897A6623}.Release|Any CPU.Deploy.0 = Release|Any CPU
		{52E7B756-CD51-4661-9411-B68A897A6623}.Release|iPhone.ActiveCfg = Release|Any CPU
		{52E7B756-CD51-4661-9411-B68A897A6623}.Release|iPhone.Build.0 = Release|Any CPU
		{52E7B756-CD51-4661-9411-B68A897A6623}.Release|iPhone.Deploy.0 = Release|Any CPU
		{52E7B756-CD51-4661-9411-B68A897A6623}.Release|iPhoneSimulator.ActiveCfg = Release|Any CPU
		{52E7B756-CD51-4661-9411-B68A897A6623}.Release|iPhoneSimulator.Build.0 = Release|Any CPU
		{52E7B756-CD51-4661-9411-B68A897A6623}.Release|iPhoneSimulator.Deploy.0 = Release|Any CPU
	EndGlobalSection
	GlobalSection(SolutionProperties) = preSolution
		HideSolutionNode = FALSE
	EndGlobalSection
	GlobalSection(ExtensibilityGlobals) = postSolution
		SolutionGuid = {639B6F6B-54EE-46F8-AEEB-B6A1BC803DDE}
	EndGlobalSection
EndGlobal
