
Microsoft Visual Studio Solution File, Format Version 12.00
# Visual Studio Version 16
VisualStudioVersion = 16.0.31911.196
MinimumVisualStudioVersion = 10.0.40219.1
Project("{FAE04EC0-301F-11D3-BF4B-00C04F79EFBC}") = "StackLayoutTutorial.Android", "StackLayoutTutorial\StackLayoutTutorial.Android\StackLayoutTutorial.Android.csproj", "{84215E5F-8374-4018-868C-C5809B230C26}"
EndProject
Project("{FAE04EC0-301F-11D3-BF4B-00C04F79EFBC}") = "StackLayoutTutorial.iOS", "StackLayoutTutorial\StackLayoutTutorial.iOS\StackLayoutTutorial.iOS.csproj", "{EFED4C1C-F0DA-4ED7-8626-70F66B4A80A1}"
EndProject
Project("{FAE04EC0-301F-11D3-BF4B-00C04F79EFBC}") = "StackLayoutTutorial", "StackLayoutTutorial\StackLayoutTutorial\StackLayoutTutorial.csproj", "{D3063BB7-C2AF-4543-9BD0-41C079CF5619}"
EndProject
Global
	GlobalSection(SolutionConfigurationPlatforms) = preSolution
		Debug|Any CPU = Debug|Any CPU
		Debug|iPhone = Debug|iPhone
		Debug|iPhoneSimulator = Debug|iPhoneSimulator
		Release|Any CPU = Release|Any CPU
		Release|iPhone = Release|iPhone
		Release|iPhoneSimulator = Release|iPhoneSimulator
	EndGlobalSection
	GlobalSection(ProjectConfigurationPlatforms) = postSolution
		{84215E5F-8374-4018-868C-C5809B230C26}.Debug|Any CPU.ActiveCfg = Debug|Any CPU
		{84215E5F-8374-4018-868C-C5809B230C26}.Debug|Any CPU.Build.0 = Debug|Any CPU
		{84215E5F-8374-4018-868C-C5809B230C26}.Debug|Any CPU.Deploy.0 = Debug|Any CPU
		{84215E5F-8374-4018-868C-C5809B230C26}.Debug|iPhone.ActiveCfg = Debug|Any CPU
		{84215E5F-8374-4018-868C-C5809B230C26}.Debug|iPhone.Build.0 = Debug|Any CPU
		{84215E5F-8374-4018-868C-C5809B230C26}.Debug|iPhone.Deploy.0 = Debug|Any CPU
		{84215E5F-8374-4018-868C-C5809B230C26}.Debug|iPhoneSimulator.ActiveCfg = Debug|Any CPU
		{84215E5F-8374-4018-868C-C5809B230C26}.Debug|iPhoneSimulator.Build.0 = Debug|Any CPU
		{84215E5F-8374-4018-868C-C5809B230C26}.Debug|iPhoneSimulator.Deploy.0 = Debug|Any CPU
		{84215E5F-8374-4018-868C-C5809B230C26}.Release|Any CPU.ActiveCfg = Release|Any CPU
		{84215E5F-8374-4018-868C-C5809B230C26}.Release|Any CPU.Build.0 = Release|Any CPU
		{84215E5F-8374-4018-868C-C5809B230C26}.Release|Any CPU.Deploy.0 = Release|Any CPU
		{84215E5F-8374-4018-868C-C5809B230C26}.Release|iPhone.ActiveCfg = Release|Any CPU
		{84215E5F-8374-4018-868C-C5809B230C26}.Release|iPhone.Build.0 = Release|Any CPU
		{84215E5F-8374-4018-868C-C5809B230C26}.Release|iPhone.Deploy.0 = Release|Any CPU
		{84215E5F-8374-4018-868C-C5809B230C26}.Release|iPhoneSimulator.ActiveCfg = Release|Any CPU
		{84215E5F-8374-4018-868C-C5809B230C26}.Release|iPhoneSimulator.Build.0 = Release|Any CPU
		{84215E5F-8374-4018-868C-C5809B230C26}.Release|iPhoneSimulator.Deploy.0 = Release|Any CPU
		{EFED4C1C-F0DA-4ED7-8626-70F66B4A80A1}.Debug|Any CPU.ActiveCfg = Debug|iPhone
		{EFED4C1C-F0DA-4ED7-8626-70F66B4A80A1}.Debug|Any CPU.Build.0 = Debug|iPhone
		{EFED4C1C-F0DA-4ED7-8626-70F66B4A80A1}.Debug|Any CPU.Deploy.0 = Debug|iPhone
		{EFED4C1C-F0DA-4ED7-8626-70F66B4A80A1}.Debug|iPhone.ActiveCfg = Debug|iPhone
		{EFED4C1C-F0DA-4ED7-8626-70F66B4A80A1}.Debug|iPhone.Build.0 = Debug|iPhone
		{EFED4C1C-F0DA-4ED7-8626-70F66B4A80A1}.Debug|iPhone.Deploy.0 = Debug|iPhone
		{EFED4C1C-F0DA-4ED7-8626-70F66B4A80A1}.Debug|iPhoneSimulator.ActiveCfg = Debug|iPhoneSimulator
		{EFED4C1C-F0DA-4ED7-8626-70F66B4A80A1}.Debug|iPhoneSimulator.Build.0 = Debug|iPhoneSimulator
		{EFED4C1C-F0DA-4ED7-8626-70F66B4A80A1}.Debug|iPhoneSimulator.Deploy.0 = Debug|iPhoneSimulator
		{EFED4C1C-F0DA-4ED7-8626-70F66B4A80A1}.Release|Any CPU.ActiveCfg = Release|iPhoneSimulator
		{EFED4C1C-F0DA-4ED7-8626-70F66B4A80A1}.Release|Any CPU.Build.0 = Release|iPhoneSimulator
		{EFED4C1C-F0DA-4ED7-8626-70F66B4A80A1}.Release|Any CPU.Deploy.0 = Release|iPhoneSimulator
		{EFED4C1C-F0DA-4ED7-8626-70F66B4A80A1}.Release|iPhone.ActiveCfg = Release|iPhone
		{EFED4C1C-F0DA-4ED7-8626-70F66B4A80A1}.Release|iPhone.Build.0 = Release|iPhone
		{EFED4C1C-F0DA-4ED7-8626-70F66B4A80A1}.Release|iPhone.Deploy.0 = Release|iPhone
		{EFED4C1C-F0DA-4ED7-8626-70F66B4A80A1}.Release|iPhoneSimulator.ActiveCfg = Release|iPhoneSimulator
		{EFED4C1C-F0DA-4ED7-8626-70F66B4A80A1}.Release|iPhoneSimulator.Build.0 = Release|iPhoneSimulator
		{EFED4C1C-F0DA-4ED7-8626-70F66B4A80A1}.Release|iPhoneSimulator.Deploy.0 = Release|iPhoneSimulator
		{D3063BB7-C2AF-4543-9BD0-41C079CF5619}.Debug|Any CPU.ActiveCfg = Debug|Any CPU
		{D3063BB7-C2AF-4543-9BD0-41C079CF5619}.Debug|Any CPU.Build.0 = Debug|Any CPU
		{D3063BB7-C2AF-4543-9BD0-41C079CF5619}.Debug|Any CPU.Deploy.0 = Debug|Any CPU
		{D3063BB7-C2AF-4543-9BD0-41C079CF5619}.Debug|iPhone.ActiveCfg = Debug|Any CPU
		{D3063BB7-C2AF-4543-9BD0-41C079CF5619}.Debug|iPhone.Build.0 = Debug|Any CPU
		{D3063BB7-C2AF-4543-9BD0-41C079CF5619}.Debug|iPhone.Deploy.0 = Debug|Any CPU
		{D3063BB7-C2AF-4543-9BD0-41C079CF5619}.Debug|iPhoneSimulator.ActiveCfg = Debug|Any CPU
		{D3063BB7-C2AF-4543-9BD0-41C079CF5619}.Debug|iPhoneSimulator.Build.0 = Debug|Any CPU
		{D3063BB7-C2AF-4543-9BD0-41C079CF5619}.Debug|iPhoneSimulator.Deploy.0 = Debug|Any CPU
		{D3063BB7-C2AF-4543-9BD0-41C079CF5619}.Release|Any CPU.ActiveCfg = Release|Any CPU
		{D3063BB7-C2AF-4543-9BD0-41C079CF5619}.Release|Any CPU.Build.0 = Release|Any CPU
		{D3063BB7-C2AF-4543-9BD0-41C079CF5619}.Release|Any CPU.Deploy.0 = Release|Any CPU
		{D3063BB7-C2AF-4543-9BD0-41C079CF5619}.Release|iPhone.ActiveCfg = Release|Any CPU
		{D3063BB7-C2AF-4543-9BD0-41C079CF5619}.Release|iPhone.Build.0 = Release|Any CPU
		{D3063BB7-C2AF-4543-9BD0-41C079CF5619}.Release|iPhone.Deploy.0 = Release|Any CPU
		{D3063BB7-C2AF-4543-9BD0-41C079CF5619}.Release|iPhoneSimulator.ActiveCfg = Release|Any CPU
		{D3063BB7-C2AF-4543-9BD0-41C079CF5619}.Release|iPhoneSimulator.Build.0 = Release|Any CPU
		{D3063BB7-C2AF-4543-9BD0-41C079CF5619}.Release|iPhoneSimulator.Deploy.0 = Release|Any CPU
	EndGlobalSection
	GlobalSection(SolutionProperties) = preSolution
		HideSolutionNode = FALSE
	EndGlobalSection
	GlobalSection(ExtensibilityGlobals) = postSolution
		SolutionGuid = {812FA94C-E0D1-4721-A5A9-0521F297B1EE}
	EndGlobalSection
EndGlobal
